
Microsoft Visual Studio Solution File, Format Version 12.00
# Visual Studio Version 17
VisualStudioVersion = 17.4.33403.182
MinimumVisualStudioVersion = 10.0.40219.1
Project("{FAE04EC0-301F-11D3-BF4B-00C04F79EFBC}") = "AdminPanelStudentManagement", "AdminPanelStudentManagement\AdminPanelStudentManagement.csproj", "{68D0557B-8D37-46FF-965D-C04E315E8F66}"
EndProject
Global
	GlobalSection(SolutionConfigurationPlatforms) = preSolution
		Debug|Any CPU = Debug|Any CPU
		Release|Any CPU = Release|Any CPU
	EndGlobalSection
	GlobalSection(ProjectConfigurationPlatforms) = postSolution
		{68D0557B-8D37-46FF-965D-C04E315E8F66}.Debug|Any CPU.ActiveCfg = Debug|Any CPU
		{68D0557B-8D37-46FF-965D-C04E315E8F66}.Debug|Any CPU.Build.0 = Debug|Any CPU
		{68D0557B-8D37-46FF-965D-C04E315E8F66}.Release|Any CPU.ActiveCfg = Release|Any CPU
		{68D0557B-8D37-46FF-965D-C04E315E8F66}.Release|Any CPU.Build.0 = Release|Any CPU
	EndGlobalSection
	GlobalSection(SolutionProperties) = preSolution
		HideSolutionNode = FALSE
	EndGlobalSection
	GlobalSection(ExtensibilityGlobals) = postSolution
		SolutionGuid = {B25E8E8E-1A0A-4673-8343-31CF5CD78F45}
	EndGlobalSection
EndGlobal
